
Microsoft Visual Studio Solution File, Format Version 12.00
# Visual Studio 2012
Project("{F184B08F-C81C-45F6-A57F-5ABD9991F28F}") = "DTCDental_Integrated_V1_0", "WebApplication8\DTCDental_Integrated_V1_0.vbproj", "{837421FF-8B71-4024-BE63-160467B5DB60}"
EndProject
Global
	GlobalSection(SolutionConfigurationPlatforms) = preSolution
		Debug|Any CPU = Debug|Any CPU
		Release|Any CPU = Release|Any CPU
	EndGlobalSection
	GlobalSection(ProjectConfigurationPlatforms) = postSolution
		{837421FF-8B71-4024-BE63-160467B5DB60}.Debug|Any CPU.ActiveCfg = Debug|Any CPU
		{837421FF-8B71-4024-BE63-160467B5DB60}.Debug|Any CPU.Build.0 = Debug|Any CPU
		{837421FF-8B71-4024-BE63-160467B5DB60}.Release|Any CPU.ActiveCfg = Release|Any CPU
		{837421FF-8B71-4024-BE63-160467B5DB60}.Release|Any CPU.Build.0 = Release|Any CPU
	EndGlobalSection
	GlobalSection(SolutionProperties) = preSolution
		HideSolutionNode = FALSE
	EndGlobalSection
EndGlobal
